// !$*UTF8*$!
{
	archiveVersion = 1;
	classes = {
	};
	objectVersion = 48;
	objects = {

/* Begin PBXBuildFile section */
		18557AC41FB79381008BBC70 /* KDCircularProgress.swift in Sources */ = {isa = PBXBuildFile; fileRef = 18557AC31FB79380008BBC70 /* KDCircularProgress.swift */; };
		186D67691FAAA6530011FB53 /* AppDelegate.swift in Sources */ = {isa = PBXBuildFile; fileRef = 186D67681FAAA6530011FB53 /* AppDelegate.swift */; };
		186D676B1FAAA6530011FB53 /* ViewController.swift in Sources */ = {isa = PBXBuildFile; fileRef = 186D676A1FAAA6530011FB53 /* ViewController.swift */; };
		186D676E1FAAA6530011FB53 /* Main.storyboard in Resources */ = {isa = PBXBuildFile; fileRef = 186D676C1FAAA6530011FB53 /* Main.storyboard */; };
		186D67701FAAA6530011FB53 /* Assets.xcassets in Resources */ = {isa = PBXBuildFile; fileRef = 186D676F1FAAA6530011FB53 /* Assets.xcassets */; };
		186D67731FAAA6530011FB53 /* LaunchScreen.storyboard in Resources */ = {isa = PBXBuildFile; fileRef = 186D67711FAAA6530011FB53 /* LaunchScreen.storyboard */; };
		188957661FB8932B00D7B005 /* exit.png in Resources */ = {isa = PBXBuildFile; fileRef = 188957651FB8932B00D7B005 /* exit.png */; };
		18A8EF491FC110CA000DDC89 /* GoogleService-Info.plist in Resources */ = {isa = PBXBuildFile; fileRef = 18A8EF481FC110CA000DDC89 /* GoogleService-Info.plist */; };
		18BC6A8C1FAEAC3A00FB6C38 /* silence.mp3 in Resources */ = {isa = PBXBuildFile; fileRef = 18BC6A8B1FAEAC3A00FB6C38 /* silence.mp3 */; };
		18F64FCB1FB263B800FB4ACB /* start.png in Resources */ = {isa = PBXBuildFile; fileRef = 18F64FCA1FB263B700FB4ACB /* start.png */; };
		18F64FCD1FB263BE00FB4ACB /* pause.png in Resources */ = {isa = PBXBuildFile; fileRef = 18F64FCC1FB263BE00FB4ACB /* pause.png */; };
		18F64FCF1FB265D800FB4ACB /* reset.png in Resources */ = {isa = PBXBuildFile; fileRef = 18F64FCE1FB265D800FB4ACB /* reset.png */; };
		18FCD79F1FB7EDBB00C585A1 /* OProgressView2.swift in Sources */ = {isa = PBXBuildFile; fileRef = 18FCD79E1FB7EDBB00C585A1 /* OProgressView2.swift */; };
		22D495D48EFF7E89DF45C888 /* Pods_Focus.framework in Frameworks */ = {isa = PBXBuildFile; fileRef = 4487B0845DBCF27EDB053C05 /* Pods_Focus.framework */; };
/* End PBXBuildFile section */

/* Begin PBXFileReference section */
		18557AC31FB79380008BBC70 /* KDCircularProgress.swift */ = {isa = PBXFileReference; fileEncoding = 4; lastKnownFileType = sourcecode.swift; path = KDCircularProgress.swift; sourceTree = "<group>"; };
		186D67651FAAA6530011FB53 /* Focus.app */ = {isa = PBXFileReference; explicitFileType = wrapper.application; includeInIndex = 0; path = Focus.app; sourceTree = BUILT_PRODUCTS_DIR; };
		186D67681FAAA6530011FB53 /* AppDelegate.swift */ = {isa = PBXFileReference; lastKnownFileType = sourcecode.swift; path = AppDelegate.swift; sourceTree = "<group>"; };
		186D676A1FAAA6530011FB53 /* ViewController.swift */ = {isa = PBXFileReference; lastKnownFileType = sourcecode.swift; path = ViewController.swift; sourceTree = "<group>"; };
		186D676D1FAAA6530011FB53 /* Base */ = {isa = PBXFileReference; lastKnownFileType = file.storyboard; name = Base; path = Base.lproj/Main.storyboard; sourceTree = "<group>"; };
		186D676F1FAAA6530011FB53 /* Assets.xcassets */ = {isa = PBXFileReference; lastKnownFileType = folder.assetcatalog; path = Assets.xcassets; sourceTree = "<group>"; };
		186D67721FAAA6530011FB53 /* Base */ = {isa = PBXFileReference; lastKnownFileType = file.storyboard; name = Base; path = Base.lproj/LaunchScreen.storyboard; sourceTree = "<group>"; };
		186D67741FAAA6530011FB53 /* Info.plist */ = {isa = PBXFileReference; lastKnownFileType = text.plist.xml; path = Info.plist; sourceTree = "<group>"; };
		188957651FB8932B00D7B005 /* exit.png */ = {isa = PBXFileReference; lastKnownFileType = image.png; path = exit.png; sourceTree = "<group>"; };
		18A8EF481FC110CA000DDC89 /* GoogleService-Info.plist */ = {isa = PBXFileReference; fileEncoding = 4; lastKnownFileType = text.plist.xml; path = "GoogleService-Info.plist"; sourceTree = "<group>"; };
		18BC6A8B1FAEAC3A00FB6C38 /* silence.mp3 */ = {isa = PBXFileReference; lastKnownFileType = audio.mp3; path = silence.mp3; sourceTree = "<group>"; };
		18F64FCA1FB263B700FB4ACB /* start.png */ = {isa = PBXFileReference; lastKnownFileType = image.png; path = start.png; sourceTree = "<group>"; };
		18F64FCC1FB263BE00FB4ACB /* pause.png */ = {isa = PBXFileReference; lastKnownFileType = image.png; path = pause.png; sourceTree = "<group>"; };
		18F64FCE1FB265D800FB4ACB /* reset.png */ = {isa = PBXFileReference; lastKnownFileType = image.png; path = reset.png; sourceTree = "<group>"; };
		18FCD79E1FB7EDBB00C585A1 /* OProgressView2.swift */ = {isa = PBXFileReference; fileEncoding = 4; lastKnownFileType = sourcecode.swift; path = OProgressView2.swift; sourceTree = "<group>"; };
		4487B0845DBCF27EDB053C05 /* Pods_Focus.framework */ = {isa = PBXFileReference; explicitFileType = wrapper.framework; includeInIndex = 0; path = Pods_Focus.framework; sourceTree = BUILT_PRODUCTS_DIR; };
		C58B225DF48FA765E0D800B6 /* Pods-Focus.debug.xcconfig */ = {isa = PBXFileReference; includeInIndex = 1; lastKnownFileType = text.xcconfig; name = "Pods-Focus.debug.xcconfig"; path = "Pods/Target Support Files/Pods-Focus/Pods-Focus.debug.xcconfig"; sourceTree = "<group>"; };
		F5A952D4BC64B7A40D734268 /* Pods-Focus.release.xcconfig */ = {isa = PBXFileReference; includeInIndex = 1; lastKnownFileType = text.xcconfig; name = "Pods-Focus.release.xcconfig"; path = "Pods/Target Support Files/Pods-Focus/Pods-Focus.release.xcconfig"; sourceTree = "<group>"; };
/* End PBXFileReference section */

/* Begin PBXFrameworksBuildPhase section */
		186D67621FAAA6530011FB53 /* Frameworks */ = {
			isa = PBXFrameworksBuildPhase;
			buildActionMask = 2147483647;
			files = (
				22D495D48EFF7E89DF45C888 /* Pods_Focus.framework in Frameworks */,
			);
			runOnlyForDeploymentPostprocessing = 0;
		};
/* End PBXFrameworksBuildPhase section */

/* Begin PBXGroup section */
		186D675C1FAAA6530011FB53 = {
			isa = PBXGroup;
			children = (
				186D67671FAAA6530011FB53 /* Focus */,
				186D67661FAAA6530011FB53 /* Products */,
				981CE2A1DE75D4DC2F850A40 /* Pods */,
				35F0D10DE53DFD57E0B330D0 /* Frameworks */,
			);
			sourceTree = "<group>";
		};
		186D67661FAAA6530011FB53 /* Products */ = {
			isa = PBXGroup;
			children = (
				186D67651FAAA6530011FB53 /* Focus.app */,
			);
			name = Products;
			sourceTree = "<group>";
		};
		186D67671FAAA6530011FB53 /* Focus */ = {
			isa = PBXGroup;
			children = (
				186D67681FAAA6530011FB53 /* AppDelegate.swift */,
				186D676A1FAAA6530011FB53 /* ViewController.swift */,
				186D676C1FAAA6530011FB53 /* Main.storyboard */,
				186D676F1FAAA6530011FB53 /* Assets.xcassets */,
				186D67711FAAA6530011FB53 /* LaunchScreen.storyboard */,
				186D67741FAAA6530011FB53 /* Info.plist */,
				18BC6A8B1FAEAC3A00FB6C38 /* silence.mp3 */,
				18F64FCA1FB263B700FB4ACB /* start.png */,
				18F64FCC1FB263BE00FB4ACB /* pause.png */,
				18F64FCE1FB265D800FB4ACB /* reset.png */,
				188957651FB8932B00D7B005 /* exit.png */,
				18557AC31FB79380008BBC70 /* KDCircularProgress.swift */,
				18FCD79E1FB7EDBB00C585A1 /* OProgressView2.swift */,
				18A8EF481FC110CA000DDC89 /* GoogleService-Info.plist */,
			);
			path = Focus;
			sourceTree = "<group>";
		};
		35F0D10DE53DFD57E0B330D0 /* Frameworks */ = {
			isa = PBXGroup;
			children = (
				4487B0845DBCF27EDB053C05 /* Pods_Focus.framework */,
			);
			name = Frameworks;
			sourceTree = "<group>";
		};
		981CE2A1DE75D4DC2F850A40 /* Pods */ = {
			isa = PBXGroup;
			children = (
				C58B225DF48FA765E0D800B6 /* Pods-Focus.debug.xcconfig */,
				F5A952D4BC64B7A40D734268 /* Pods-Focus.release.xcconfig */,
			);
			name = Pods;
			sourceTree = "<group>";
		};
/* End PBXGroup section */

/* Begin PBXNativeTarget section */
		186D67641FAAA6530011FB53 /* Focus */ = {
			isa = PBXNativeTarget;
			buildConfigurationList = 186D67771FAAA6530011FB53 /* Build configuration list for PBXNativeTarget "Focus" */;
			buildPhases = (
				B59F8239836FBFE4E3552662 /* [CP] Check Pods Manifest.lock */,
				186D67611FAAA6530011FB53 /* Sources */,
				186D67621FAAA6530011FB53 /* Frameworks */,
				186D67631FAAA6530011FB53 /* Resources */,
				A120A33709F1B37A00A8BC75 /* [CP] Embed Pods Frameworks */,
				B2F8FBC0184A9F925EBA333F /* [CP] Copy Pods Resources */,
			);
			buildRules = (
			);
			dependencies = (
			);
			name = Focus;
			productName = Focus;
			productReference = 186D67651FAAA6530011FB53 /* Focus.app */;
			productType = "com.apple.product-type.application";
		};
/* End PBXNativeTarget section */

/* Begin PBXProject section */
		186D675D1FAAA6530011FB53 /* Project object */ = {
			isa = PBXProject;
			attributes = {
				LastSwiftUpdateCheck = 0910;
				LastUpgradeCheck = 0910;
				ORGANIZATIONNAME = "Evian tan ";
				TargetAttributes = {
					186D67641FAAA6530011FB53 = {
						CreatedOnToolsVersion = 9.1;
						ProvisioningStyle = Automatic;
						SystemCapabilities = {
							com.apple.BackgroundModes = {
								enabled = 1;
							};
						};
					};
				};
			};
			buildConfigurationList = 186D67601FAAA6530011FB53 /* Build configuration list for PBXProject "Focus" */;
			compatibilityVersion = "Xcode 8.0";
			developmentRegion = en;
			hasScannedForEncodings = 0;
			knownRegions = (
				en,
				Base,
			);
			mainGroup = 186D675C1FAAA6530011FB53;
			productRefGroup = 186D67661FAAA6530011FB53 /* Products */;
			projectDirPath = "";
			projectRoot = "";
			targets = (
				186D67641FAAA6530011FB53 /* Focus */,
			);
		};
/* End PBXProject section */

/* Begin PBXResourcesBuildPhase section */
		186D67631FAAA6530011FB53 /* Resources */ = {
			isa = PBXResourcesBuildPhase;
			buildActionMask = 2147483647;
			files = (
				18F64FCF1FB265D800FB4ACB /* reset.png in Resources */,
				18BC6A8C1FAEAC3A00FB6C38 /* silence.mp3 in Resources */,
				18A8EF491FC110CA000DDC89 /* GoogleService-Info.plist in Resources */,
				186D67731FAAA6530011FB53 /* LaunchScreen.storyboard in Resources */,
				18F64FCD1FB263BE00FB4ACB /* pause.png in Resources */,
				18F64FCB1FB263B800FB4ACB /* start.png in Resources */,
				188957661FB8932B00D7B005 /* exit.png in Resources */,
				186D67701FAAA6530011FB53 /* Assets.xcassets in Resources */,
				186D676E1FAAA6530011FB53 /* Main.storyboard in Resources */,
			);
			runOnlyForDeploymentPostprocessing = 0;
		};
/* End PBXResourcesBuildPhase section */

/* Begin PBXShellScriptBuildPhase section */
		A120A33709F1B37A00A8BC75 /* [CP] Embed Pods Frameworks */ = {
			isa = PBXShellScriptBuildPhase;
			buildActionMask = 2147483647;
			files = (
			);
			inputPaths = (
				"${SRCROOT}/Pods/Target Support Files/Pods-Focus/Pods-Focus-frameworks.sh",
				"${BUILT_PRODUCTS_DIR}/GoogleToolboxForMac/GoogleToolboxForMac.framework",
				"${BUILT_PRODUCTS_DIR}/leveldb-library/leveldb.framework",
				"${BUILT_PRODUCTS_DIR}/nanopb/nanopb.framework",
			);
			name = "[CP] Embed Pods Frameworks";
			outputPaths = (
				"${TARGET_BUILD_DIR}/${FRAMEWORKS_FOLDER_PATH}/GoogleToolboxForMac.framework",
				"${TARGET_BUILD_DIR}/${FRAMEWORKS_FOLDER_PATH}/leveldb.framework",
				"${TARGET_BUILD_DIR}/${FRAMEWORKS_FOLDER_PATH}/nanopb.framework",
			);
			runOnlyForDeploymentPostprocessing = 0;
			shellPath = /bin/sh;
			shellScript = "\"${SRCROOT}/Pods/Target Support Files/Pods-Focus/Pods-Focus-frameworks.sh\"\n";
			showEnvVarsInLog = 0;
		};
		B2F8FBC0184A9F925EBA333F /* [CP] Copy Pods Resources */ = {
			isa = PBXShellScriptBuildPhase;
			buildActionMask = 2147483647;
			files = (
			);
			inputPaths = (
			);
			name = "[CP] Copy Pods Resources";
			outputPaths = (
			);
			runOnlyForDeploymentPostprocessing = 0;
			shellPath = /bin/sh;
			shellScript = "\"${SRCROOT}/Pods/Target Support Files/Pods-Focus/Pods-Focus-resources.sh\"\n";
			showEnvVarsInLog = 0;
		};
		B59F8239836FBFE4E3552662 /* [CP] Check Pods Manifest.lock */ = {
			isa = PBXShellScriptBuildPhase;
			buildActionMask = 2147483647;
			files = (
			);
			inputPaths = (
				"${PODS_PODFILE_DIR_PATH}/Podfile.lock",
				"${PODS_ROOT}/Manifest.lock",
			);
			name = "[CP] Check Pods Manifest.lock";
			outputPaths = (
				"$(DERIVED_FILE_DIR)/Pods-Focus-checkManifestLockResult.txt",
			);
			runOnlyForDeploymentPostprocessing = 0;
			shellPath = /bin/sh;
			shellScript = "diff \"${PODS_PODFILE_DIR_PATH}/Podfile.lock\" \"${PODS_ROOT}/Manifest.lock\" > /dev/null\nif [ $? != 0 ] ; then\n    # print error to STDERR\n    echo \"error: The sandbox is not in sync with the Podfile.lock. Run 'pod install' or update your CocoaPods installation.\" >&2\n    exit 1\nfi\n# This output is used by Xcode 'outputs' to avoid re-running this script phase.\necho \"SUCCESS\" > \"${SCRIPT_OUTPUT_FILE_0}\"\n";
			showEnvVarsInLog = 0;
		};
/* End PBXShellScriptBuildPhase section */

/* Begin PBXSourcesBuildPhase section */
		186D67611FAAA6530011FB53 /* Sources */ = {
			isa = PBXSourcesBuildPhase;
			buildActionMask = 2147483647;
			files = (
				18FCD79F1FB7EDBB00C585A1 /* OProgressView2.swift in Sources */,
				18557AC41FB79381008BBC70 /* KDCircularProgress.swift in Sources */,
				186D676B1FAAA6530011FB53 /* ViewController.swift in Sources */,
				186D67691FAAA6530011FB53 /* AppDelegate.swift in Sources */,
			);
			runOnlyForDeploymentPostprocessing = 0;
		};
/* End PBXSourcesBuildPhase section */

/* Begin PBXVariantGroup section */
		186D676C1FAAA6530011FB53 /* Main.storyboard */ = {
			isa = PBXVariantGroup;
			children = (
				186D676D1FAAA6530011FB53 /* Base */,
			);
			name = Main.storyboard;
			sourceTree = "<group>";
		};
		186D67711FAAA6530011FB53 /* LaunchScreen.storyboard */ = {
			isa = PBXVariantGroup;
			children = (
				186D67721FAAA6530011FB53 /* Base */,
			);
			name = LaunchScreen.storyboard;
			sourceTree = "<group>";
		};
/* End PBXVariantGroup section */

/* Begin XCBuildConfiguration section */
		186D67751FAAA6530011FB53 /* Debug */ = {
			isa = XCBuildConfiguration;
			buildSettings = {
				ALWAYS_SEARCH_USER_PATHS = NO;
				CLANG_ANALYZER_NONNULL = YES;
				CLANG_ANALYZER_NUMBER_OBJECT_CONVERSION = YES_AGGRESSIVE;
				CLANG_CXX_LANGUAGE_STANDARD = "gnu++14";
				CLANG_CXX_LIBRARY = "libc++";
				CLANG_ENABLE_MODULES = YES;
				CLANG_ENABLE_OBJC_ARC = YES;
				CLANG_WARN_BLOCK_CAPTURE_AUTORELEASING = YES;
				CLANG_WARN_BOOL_CONVERSION = YES;
				CLANG_WARN_COMMA = YES;
				CLANG_WARN_CONSTANT_CONVERSION = YES;
				CLANG_WARN_DIRECT_OBJC_ISA_USAGE = YES_ERROR;
				CLANG_WARN_DOCUMENTATION_COMMENTS = YES;
				CLANG_WARN_EMPTY_BODY = YES;
				CLANG_WARN_ENUM_CONVERSION = YES;
				CLANG_WARN_INFINITE_RECURSION = YES;
				CLANG_WARN_INT_CONVERSION = YES;
				CLANG_WARN_NON_LITERAL_NULL_CONVERSION = YES;
				CLANG_WARN_OBJC_LITERAL_CONVERSION = YES;
				CLANG_WARN_OBJC_ROOT_CLASS = YES_ERROR;
				CLANG_WARN_RANGE_LOOP_ANALYSIS = YES;
				CLANG_WARN_STRICT_PROTOTYPES = YES;
				CLANG_WARN_SUSPICIOUS_MOVE = YES;
				CLANG_WARN_UNGUARDED_AVAILABILITY = YES_AGGRESSIVE;
				CLANG_WARN_UNREACHABLE_CODE = YES;
				CLANG_WARN__DUPLICATE_METHOD_MATCH = YES;
				CODE_SIGN_IDENTITY = "iPhone Developer";
				COPY_PHASE_STRIP = NO;
				DEBUG_INFORMATION_FORMAT = dwarf;
				ENABLE_STRICT_OBJC_MSGSEND = YES;
				ENABLE_TESTABILITY = YES;
				GCC_C_LANGUAGE_STANDARD = gnu11;
				GCC_DYNAMIC_NO_PIC = NO;
				GCC_NO_COMMON_BLOCKS = YES;
				GCC_OPTIMIZATION_LEVEL = 0;
				GCC_PREPROCESSOR_DEFINITIONS = (
					"DEBUG=1",
					"$(inherited)",
				);
				GCC_WARN_64_TO_32_BIT_CONVERSION = YES;
				GCC_WARN_ABOUT_RETURN_TYPE = YES_ERROR;
				GCC_WARN_UNDECLARED_SELECTOR = YES;
				GCC_WARN_UNINITIALIZED_AUTOS = YES_AGGRESSIVE;
				GCC_WARN_UNUSED_FUNCTION = YES;
				GCC_WARN_UNUSED_VARIABLE = YES;
				IPHONEOS_DEPLOYMENT_TARGET = 11.1;
				MTL_ENABLE_DEBUG_INFO = YES;
				ONLY_ACTIVE_ARCH = YES;
				SDKROOT = iphoneos;
				SWIFT_ACTIVE_COMPILATION_CONDITIONS = DEBUG;
				SWIFT_OPTIMIZATION_LEVEL = "-Onone";
			};
			name = Debug;
		};
		186D67761FAAA6530011FB53 /* Release */ = {
			isa = XCBuildConfiguration;
			buildSettings = {
				ALWAYS_SEARCH_USER_PATHS = NO;
				CLANG_ANALYZER_NONNULL = YES;
				CLANG_ANALYZER_NUMBER_OBJECT_CONVERSION = YES_AGGRESSIVE;
				CLANG_CXX_LANGUAGE_STANDARD = "gnu++14";
				CLANG_CXX_LIBRARY = "libc++";
				CLANG_ENABLE_MODULES = YES;
				CLANG_ENABLE_OBJC_ARC = YES;
				CLANG_WARN_BLOCK_CAPTURE_AUTORELEASING = YES;
				CLANG_WARN_BOOL_CONVERSION = YES;
				CLANG_WARN_COMMA = YES;
				CLANG_WARN_CONSTANT_CONVERSION = YES;
				CLANG_WARN_DIRECT_OBJC_ISA_USAGE = YES_ERROR;
				CLANG_WARN_DOCUMENTATION_COMMENTS = YES;
				CLANG_WARN_EMPTY_BODY = YES;
				CLANG_WARN_ENUM_CONVERSION = YES;
				CLANG_WARN_INFINITE_RECURSION = YES;
				CLANG_WARN_INT_CONVERSION = YES;
				CLANG_WARN_NON_LITERAL_NULL_CONVERSION = YES;
				CLANG_WARN_OBJC_LITERAL_CONVERSION = YES;
				CLANG_WARN_OBJC_ROOT_CLASS = YES_ERROR;
				CLANG_WARN_RANGE_LOOP_ANALYSIS = YES;
				CLANG_WARN_STRICT_PROTOTYPES = YES;
				CLANG_WARN_SUSPICIOUS_MOVE = YES;
				CLANG_WARN_UNGUARDED_AVAILABILITY = YES_AGGRESSIVE;
				CLANG_WARN_UNREACHABLE_CODE = YES;
				CLANG_WARN__DUPLICATE_METHOD_MATCH = YES;
				CODE_SIGN_IDENTITY = "iPhone Developer";
				COPY_PHASE_STRIP = NO;
				DEBUG_INFORMATION_FORMAT = "dwarf-with-dsym";
				ENABLE_NS_ASSERTIONS = NO;
				ENABLE_STRICT_OBJC_MSGSEND = YES;
				GCC_C_LANGUAGE_STANDARD = gnu11;
				GCC_NO_COMMON_BLOCKS = YES;
				GCC_WARN_64_TO_32_BIT_CONVERSION = YES;
				GCC_WARN_ABOUT_RETURN_TYPE = YES_ERROR;
				GCC_WARN_UNDECLARED_SELECTOR = YES;
				GCC_WARN_UNINITIALIZED_AUTOS = YES_AGGRESSIVE;
				GCC_WARN_UNUSED_FUNCTION = YES;
				GCC_WARN_UNUSED_VARIABLE = YES;
				IPHONEOS_DEPLOYMENT_TARGET = 11.1;
				MTL_ENABLE_DEBUG_INFO = NO;
				SDKROOT = iphoneos;
				SWIFT_OPTIMIZATION_LEVEL = "-Owholemodule";
				VALIDATE_PRODUCT = YES;
			};
			name = Release;
		};
		186D67781FAAA6530011FB53 /* Debug */ = {
			isa = XCBuildConfiguration;
			baseConfigurationReference = C58B225DF48FA765E0D800B6 /* Pods-Focus.debug.xcconfig */;
			buildSettings = {
				ASSETCATALOG_COMPILER_APPICON_NAME = AppIcon;
				CODE_SIGN_STYLE = Automatic;
				DEVELOPMENT_TEAM = 6J6QYUV53Y;
				INFOPLIST_FILE = Focus/Info.plist;
				LD_RUNPATH_SEARCH_PATHS = "$(inherited) @executable_path/Frameworks";
				PRODUCT_BUNDLE_IDENTIFIER = com.eviantan.Focus;
				PRODUCT_NAME = "$(TARGET_NAME)";
				SWIFT_VERSION = 4.0;
				TARGETED_DEVICE_FAMILY = "1,2";
			};
			name = Debug;
		};
		186D67791FAAA6530011FB53 /* Release */ = {
			isa = XCBuildConfiguration;
			baseConfigurationReference = F5A952D4BC64B7A40D734268 /* Pods-Focus.release.xcconfig */;
			buildSettings = {
				ASSETCATALOG_COMPILER_APPICON_NAME = AppIcon;
				CODE_SIGN_STYLE = Automatic;
				DEVELOPMENT_TEAM = 6J6QYUV53Y;
				INFOPLIST_FILE = Focus/Info.plist;
				LD_RUNPATH_SEARCH_PATHS = "$(inherited) @executable_path/Frameworks";
				PRODUCT_BUNDLE_IDENTIFIER = com.eviantan.Focus;
				PRODUCT_NAME = "$(TARGET_NAME)";
				SWIFT_VERSION = 4.0;
				TARGETED_DEVICE_FAMILY = "1,2";
			};
			name = Release;
		};
/* End XCBuildConfiguration section */

/* Begin XCConfigurationList section */
		186D67601FAAA6530011FB53 /* Build configuration list for PBXProject "Focus" */ = {
			isa = XCConfigurationList;
			buildConfigurations = (
				186D67751FAAA6530011FB53 /* Debug */,
				186D67761FAAA6530011FB53 /* Release */,
			);
			defaultConfigurationIsVisible = 0;
			defaultConfigurationName = Release;
		};
		186D67771FAAA6530011FB53 /* Build configuration list for PBXNativeTarget "Focus" */ = {
			isa = XCConfigurationList;
			buildConfigurations = (
				186D67781FAAA6530011FB53 /* Debug */,
				186D67791FAAA6530011FB53 /* Release */,
			);
			defaultConfigurationIsVisible = 0;
			defaultConfigurationName = Release;
		};
/* End XCConfigurationList section */
	};
	rootObject = 186D675D1FAAA6530011FB53 /* Project object */;
}
